// !$*UTF8*$!
{
	archiveVersion = 1;
	classes = {
	};
	objectVersion = 55;
	objects = {

/* Begin PBXBuildFile section */
		214F99BB2A3849B3008828F8 /* SearchResultTableViewController.swift in Sources */ = {isa = PBXBuildFile; fileRef = 214F99BA2A3849B3008828F8 /* SearchResultTableViewController.swift */; };
		214F99BD2A3849DB008828F8 /* SearchStartViewController.swift in Sources */ = {isa = PBXBuildFile; fileRef = 214F99BC2A3849DB008828F8 /* SearchStartViewController.swift */; };
		214F99BF2A3AD33D008828F8 /* PlaceData..swift in Sources */ = {isa = PBXBuildFile; fileRef = 214F99BE2A3AD33D008828F8 /* PlaceData..swift */; };
		21F0F6132A2730FB0056E76B /* SectionHeaderTableViewCell.swift in Sources */ = {isa = PBXBuildFile; fileRef = 21F0F6122A2730FB0056E76B /* SectionHeaderTableViewCell.swift */; };
		21F12D1E2A3D7F28007BF7B1 /* tab.swift in Sources */ = {isa = PBXBuildFile; fileRef = 21F12D1D2A3D7F28007BF7B1 /* tab.swift */; };
		21F12D442A404508007BF7B1 /* DetailViewController.swift in Sources */ = {isa = PBXBuildFile; fileRef = 21F12D432A404508007BF7B1 /* DetailViewController.swift */; };
		21FF846B2A1C829B00F9B2F1 /* AppDelegate.swift in Sources */ = {isa = PBXBuildFile; fileRef = 21FF846A2A1C829B00F9B2F1 /* AppDelegate.swift */; };
		21FF846D2A1C829B00F9B2F1 /* SceneDelegate.swift in Sources */ = {isa = PBXBuildFile; fileRef = 21FF846C2A1C829B00F9B2F1 /* SceneDelegate.swift */; };
		21FF84722A1C829B00F9B2F1 /* Main.storyboard in Resources */ = {isa = PBXBuildFile; fileRef = 21FF84702A1C829B00F9B2F1 /* Main.storyboard */; };
		21FF84742A1C829C00F9B2F1 /* Assets.xcassets in Resources */ = {isa = PBXBuildFile; fileRef = 21FF84732A1C829C00F9B2F1 /* Assets.xcassets */; };
		21FF84772A1C829C00F9B2F1 /* LaunchScreen.storyboard in Resources */ = {isa = PBXBuildFile; fileRef = 21FF84752A1C829C00F9B2F1 /* LaunchScreen.storyboard */; };
		21FF847F2A1C833E00F9B2F1 /* ScheduleTableViewController.swift in Sources */ = {isa = PBXBuildFile; fileRef = 21FF847E2A1C833E00F9B2F1 /* ScheduleTableViewController.swift */; };
		21FF84812A1C834800F9B2F1 /* CollectionTableViewController.swift in Sources */ = {isa = PBXBuildFile; fileRef = 21FF84802A1C834800F9B2F1 /* CollectionTableViewController.swift */; };
		21FF84852A1C838F00F9B2F1 /* ScheduleTableViewCell.swift in Sources */ = {isa = PBXBuildFile; fileRef = 21FF84842A1C838F00F9B2F1 /* ScheduleTableViewCell.swift */; };
		21FF84872A1C839900F9B2F1 /* CollectionTableViewCell.swift in Sources */ = {isa = PBXBuildFile; fileRef = 21FF84862A1C839900F9B2F1 /* CollectionTableViewCell.swift */; };
		21FF84902A1EF97700F9B2F1 /* Board.swift in Sources */ = {isa = PBXBuildFile; fileRef = 21FF848F2A1EF97700F9B2F1 /* Board.swift */; };
		490918182A2C38A400FDD530 /* Date+ext.swift in Sources */ = {isa = PBXBuildFile; fileRef = 490918172A2C38A400FDD530 /* Date+ext.swift */; };
		4963D35A2A27A190005874EC /* SearchResultTableViewCell.swift in Sources */ = {isa = PBXBuildFile; fileRef = 4963D3592A27A190005874EC /* SearchResultTableViewCell.swift */; };
		49956A952A2CABFA000F4830 /* CustomSheetViewController.swift in Sources */ = {isa = PBXBuildFile; fileRef = 49956A942A2CABFA000F4830 /* CustomSheetViewController.swift */; };
/* End PBXBuildFile section */

/* Begin PBXFileReference section */
		214F99BA2A3849B3008828F8 /* SearchResultTableViewController.swift */ = {isa = PBXFileReference; lastKnownFileType = sourcecode.swift; path = SearchResultTableViewController.swift; sourceTree = "<group>"; };
		214F99BC2A3849DB008828F8 /* SearchStartViewController.swift */ = {isa = PBXFileReference; lastKnownFileType = sourcecode.swift; path = SearchStartViewController.swift; sourceTree = "<group>"; };
		214F99BE2A3AD33D008828F8 /* PlaceData..swift */ = {isa = PBXFileReference; lastKnownFileType = sourcecode.swift; path = PlaceData..swift; sourceTree = "<group>"; };
		21F0F6122A2730FB0056E76B /* SectionHeaderTableViewCell.swift */ = {isa = PBXFileReference; lastKnownFileType = sourcecode.swift; path = SectionHeaderTableViewCell.swift; sourceTree = "<group>"; };
		21F12D1D2A3D7F28007BF7B1 /* tab.swift */ = {isa = PBXFileReference; lastKnownFileType = sourcecode.swift; path = tab.swift; sourceTree = "<group>"; };
		21F12D432A404508007BF7B1 /* DetailViewController.swift */ = {isa = PBXFileReference; lastKnownFileType = sourcecode.swift; path = DetailViewController.swift; sourceTree = "<group>"; };
		21FF84672A1C829B00F9B2F1 /* travel2.app */ = {isa = PBXFileReference; explicitFileType = wrapper.application; includeInIndex = 0; path = travel2.app; sourceTree = BUILT_PRODUCTS_DIR; };
		21FF846A2A1C829B00F9B2F1 /* AppDelegate.swift */ = {isa = PBXFileReference; lastKnownFileType = sourcecode.swift; path = AppDelegate.swift; sourceTree = "<group>"; };
		21FF846C2A1C829B00F9B2F1 /* SceneDelegate.swift */ = {isa = PBXFileReference; lastKnownFileType = sourcecode.swift; path = SceneDelegate.swift; sourceTree = "<group>"; };
		21FF84712A1C829B00F9B2F1 /* Base */ = {isa = PBXFileReference; lastKnownFileType = file.storyboard; name = Base; path = Base.lproj/Main.storyboard; sourceTree = "<group>"; };
		21FF84732A1C829C00F9B2F1 /* Assets.xcassets */ = {isa = PBXFileReference; lastKnownFileType = folder.assetcatalog; path = Assets.xcassets; sourceTree = "<group>"; };
		21FF84762A1C829C00F9B2F1 /* Base */ = {isa = PBXFileReference; lastKnownFileType = file.storyboard; name = Base; path = Base.lproj/LaunchScreen.storyboard; sourceTree = "<group>"; };
		21FF84782A1C829C00F9B2F1 /* Info.plist */ = {isa = PBXFileReference; lastKnownFileType = text.plist.xml; path = Info.plist; sourceTree = "<group>"; };
		21FF847E2A1C833E00F9B2F1 /* ScheduleTableViewController.swift */ = {isa = PBXFileReference; lastKnownFileType = sourcecode.swift; path = ScheduleTableViewController.swift; sourceTree = "<group>"; };
		21FF84802A1C834800F9B2F1 /* CollectionTableViewController.swift */ = {isa = PBXFileReference; lastKnownFileType = sourcecode.swift; path = CollectionTableViewController.swift; sourceTree = "<group>"; };
		21FF84842A1C838F00F9B2F1 /* ScheduleTableViewCell.swift */ = {isa = PBXFileReference; lastKnownFileType = sourcecode.swift; path = ScheduleTableViewCell.swift; sourceTree = "<group>"; };
		21FF84862A1C839900F9B2F1 /* CollectionTableViewCell.swift */ = {isa = PBXFileReference; lastKnownFileType = sourcecode.swift; path = CollectionTableViewCell.swift; sourceTree = "<group>"; };
		21FF848F2A1EF97700F9B2F1 /* Board.swift */ = {isa = PBXFileReference; lastKnownFileType = sourcecode.swift; path = Board.swift; sourceTree = "<group>"; };
		490918172A2C38A400FDD530 /* Date+ext.swift */ = {isa = PBXFileReference; lastKnownFileType = sourcecode.swift; path = "Date+ext.swift"; sourceTree = "<group>"; };
		4963D3592A27A190005874EC /* SearchResultTableViewCell.swift */ = {isa = PBXFileReference; lastKnownFileType = sourcecode.swift; path = SearchResultTableViewCell.swift; sourceTree = "<group>"; };
		49956A942A2CABFA000F4830 /* CustomSheetViewController.swift */ = {isa = PBXFileReference; lastKnownFileType = sourcecode.swift; path = CustomSheetViewController.swift; sourceTree = "<group>"; };
/* End PBXFileReference section */

/* Begin PBXFrameworksBuildPhase section */
		21FF84642A1C829B00F9B2F1 /* Frameworks */ = {
			isa = PBXFrameworksBuildPhase;
			buildActionMask = 2147483647;
			files = (
			);
			runOnlyForDeploymentPostprocessing = 0;
		};
/* End PBXFrameworksBuildPhase section */

/* Begin PBXGroup section */
		21FF845E2A1C829B00F9B2F1 = {
			isa = PBXGroup;
			children = (
				21FF84692A1C829B00F9B2F1 /* travel2 */,
				21FF84682A1C829B00F9B2F1 /* Products */,
			);
			sourceTree = "<group>";
		};
		21FF84682A1C829B00F9B2F1 /* Products */ = {
			isa = PBXGroup;
			children = (
				21FF84672A1C829B00F9B2F1 /* travel2.app */,
			);
			name = Products;
			sourceTree = "<group>";
		};
		21FF84692A1C829B00F9B2F1 /* travel2 */ = {
			isa = PBXGroup;
			children = (
				21FF846A2A1C829B00F9B2F1 /* AppDelegate.swift */,
				21FF846C2A1C829B00F9B2F1 /* SceneDelegate.swift */,
				21FF84702A1C829B00F9B2F1 /* Main.storyboard */,
				49956A942A2CABFA000F4830 /* CustomSheetViewController.swift */,
				21F12D432A404508007BF7B1 /* DetailViewController.swift */,
				21F12D1D2A3D7F28007BF7B1 /* tab.swift */,
				21FF84822A1C835B00F9B2F1 /* ScheduleVC */,
				21FF84832A1C836C00F9B2F1 /* CollectionVC */,
				21FF848A2A1CA93800F9B2F1 /* SearchVC */,
				21FF84732A1C829C00F9B2F1 /* Assets.xcassets */,
				21FF84752A1C829C00F9B2F1 /* LaunchScreen.storyboard */,
				21FF84782A1C829C00F9B2F1 /* Info.plist */,
			);
			path = travel2;
			sourceTree = "<group>";
		};
		21FF84822A1C835B00F9B2F1 /* ScheduleVC */ = {
			isa = PBXGroup;
			children = (
				21FF847E2A1C833E00F9B2F1 /* ScheduleTableViewController.swift */,
				21FF848F2A1EF97700F9B2F1 /* Board.swift */,
				490918172A2C38A400FDD530 /* Date+ext.swift */,
				21FF84842A1C838F00F9B2F1 /* ScheduleTableViewCell.swift */,
				21F0F6122A2730FB0056E76B /* SectionHeaderTableViewCell.swift */,
			);
			path = ScheduleVC;
			sourceTree = "<group>";
		};
		21FF84832A1C836C00F9B2F1 /* CollectionVC */ = {
			isa = PBXGroup;
			children = (
				21FF84802A1C834800F9B2F1 /* CollectionTableViewController.swift */,
				21FF84862A1C839900F9B2F1 /* CollectionTableViewCell.swift */,
			);
			path = CollectionVC;
			sourceTree = "<group>";
		};
		21FF848A2A1CA93800F9B2F1 /* SearchVC */ = {
			isa = PBXGroup;
			children = (
				4963D3592A27A190005874EC /* SearchResultTableViewCell.swift */,
				214F99BE2A3AD33D008828F8 /* PlaceData..swift */,
				214F99BA2A3849B3008828F8 /* SearchResultTableViewController.swift */,
				214F99BC2A3849DB008828F8 /* SearchStartViewController.swift */,
			);
			path = SearchVC;
			sourceTree = "<group>";
		};
/* End PBXGroup section */

/* Begin PBXNativeTarget section */
		21FF84662A1C829B00F9B2F1 /* travel2 */ = {
			isa = PBXNativeTarget;
			buildConfigurationList = 21FF847B2A1C829C00F9B2F1 /* Build configuration list for PBXNativeTarget "travel2" */;
			buildPhases = (
				21FF84632A1C829B00F9B2F1 /* Sources */,
				21FF84642A1C829B00F9B2F1 /* Frameworks */,
				21FF84652A1C829B00F9B2F1 /* Resources */,
			);
			buildRules = (
			);
			dependencies = (
			);
			name = travel2;
			productName = travel2;
			productReference = 21FF84672A1C829B00F9B2F1 /* travel2.app */;
			productType = "com.apple.product-type.application";
		};
/* End PBXNativeTarget section */

/* Begin PBXProject section */
		21FF845F2A1C829B00F9B2F1 /* Project object */ = {
			isa = PBXProject;
			attributes = {
				BuildIndependentTargetsInParallel = 1;
				LastSwiftUpdateCheck = 1430;
				LastUpgradeCheck = 1430;
				TargetAttributes = {
					21FF84662A1C829B00F9B2F1 = {
						CreatedOnToolsVersion = 14.3;
					};
				};
			};
			buildConfigurationList = 21FF84622A1C829B00F9B2F1 /* Build configuration list for PBXProject "travel2" */;
			compatibilityVersion = "Xcode 13.0";
			developmentRegion = en;
			hasScannedForEncodings = 0;
			knownRegions = (
				en,
				Base,
			);
			mainGroup = 21FF845E2A1C829B00F9B2F1;
			productRefGroup = 21FF84682A1C829B00F9B2F1 /* Products */;
			projectDirPath = "";
			projectRoot = "";
			targets = (
				21FF84662A1C829B00F9B2F1 /* travel2 */,
			);
		};
/* End PBXProject section */

/* Begin PBXResourcesBuildPhase section */
		21FF84652A1C829B00F9B2F1 /* Resources */ = {
			isa = PBXResourcesBuildPhase;
			buildActionMask = 2147483647;
			files = (
				21FF84772A1C829C00F9B2F1 /* LaunchScreen.storyboard in Resources */,
				21FF84742A1C829C00F9B2F1 /* Assets.xcassets in Resources */,
				21FF84722A1C829B00F9B2F1 /* Main.storyboard in Resources */,
			);
			runOnlyForDeploymentPostprocessing = 0;
		};
/* End PBXResourcesBuildPhase section */

/* Begin PBXSourcesBuildPhase section */
		21FF84632A1C829B00F9B2F1 /* Sources */ = {
			isa = PBXSourcesBuildPhase;
			buildActionMask = 2147483647;
			files = (
				49956A952A2CABFA000F4830 /* CustomSheetViewController.swift in Sources */,
				4963D35A2A27A190005874EC /* SearchResultTableViewCell.swift in Sources */,
				21FF846B2A1C829B00F9B2F1 /* AppDelegate.swift in Sources */,
				21FF84812A1C834800F9B2F1 /* CollectionTableViewController.swift in Sources */,
				21FF84852A1C838F00F9B2F1 /* ScheduleTableViewCell.swift in Sources */,
				21F12D1E2A3D7F28007BF7B1 /* tab.swift in Sources */,
				21FF846D2A1C829B00F9B2F1 /* SceneDelegate.swift in Sources */,
				21F12D442A404508007BF7B1 /* DetailViewController.swift in Sources */,
				214F99BF2A3AD33D008828F8 /* PlaceData..swift in Sources */,
				21FF847F2A1C833E00F9B2F1 /* ScheduleTableViewController.swift in Sources */,
				214F99BB2A3849B3008828F8 /* SearchResultTableViewController.swift in Sources */,
				21FF84872A1C839900F9B2F1 /* CollectionTableViewCell.swift in Sources */,
				490918182A2C38A400FDD530 /* Date+ext.swift in Sources */,
				21F0F6132A2730FB0056E76B /* SectionHeaderTableViewCell.swift in Sources */,
				214F99BD2A3849DB008828F8 /* SearchStartViewController.swift in Sources */,
				21FF84902A1EF97700F9B2F1 /* Board.swift in Sources */,
			);
			runOnlyForDeploymentPostprocessing = 0;
		};
/* End PBXSourcesBuildPhase section */

/* Begin PBXVariantGroup section */
		21FF84702A1C829B00F9B2F1 /* Main.storyboard */ = {
			isa = PBXVariantGroup;
			children = (
				21FF84712A1C829B00F9B2F1 /* Base */,
			);
			name = Main.storyboard;
			sourceTree = "<group>";
		};
		21FF84752A1C829C00F9B2F1 /* LaunchScreen.storyboard */ = {
			isa = PBXVariantGroup;
			children = (
				21FF84762A1C829C00F9B2F1 /* Base */,
			);
			name = LaunchScreen.storyboard;
			sourceTree = "<group>";
		};
/* End PBXVariantGroup section */

/* Begin XCBuildConfiguration section */
		21FF84792A1C829C00F9B2F1 /* Debug */ = {
			isa = XCBuildConfiguration;
			buildSettings = {
				ALWAYS_SEARCH_USER_PATHS = NO;
				CLANG_ANALYZER_NONNULL = YES;
				CLANG_ANALYZER_NUMBER_OBJECT_CONVERSION = YES_AGGRESSIVE;
				CLANG_CXX_LANGUAGE_STANDARD = "gnu++20";
				CLANG_ENABLE_MODULES = YES;
				CLANG_ENABLE_OBJC_ARC = YES;
				CLANG_ENABLE_OBJC_WEAK = YES;
				CLANG_WARN_BLOCK_CAPTURE_AUTORELEASING = YES;
				CLANG_WARN_BOOL_CONVERSION = YES;
				CLANG_WARN_COMMA = YES;
				CLANG_WARN_CONSTANT_CONVERSION = YES;
				CLANG_WARN_DEPRECATED_OBJC_IMPLEMENTATIONS = YES;
				CLANG_WARN_DIRECT_OBJC_ISA_USAGE = YES_ERROR;
				CLANG_WARN_DOCUMENTATION_COMMENTS = YES;
				CLANG_WARN_EMPTY_BODY = YES;
				CLANG_WARN_ENUM_CONVERSION = YES;
				CLANG_WARN_INFINITE_RECURSION = YES;
				CLANG_WARN_INT_CONVERSION = YES;
				CLANG_WARN_NON_LITERAL_NULL_CONVERSION = YES;
				CLANG_WARN_OBJC_IMPLICIT_RETAIN_SELF = YES;
				CLANG_WARN_OBJC_LITERAL_CONVERSION = YES;
				CLANG_WARN_OBJC_ROOT_CLASS = YES_ERROR;
				CLANG_WARN_QUOTED_INCLUDE_IN_FRAMEWORK_HEADER = YES;
				CLANG_WARN_RANGE_LOOP_ANALYSIS = YES;
				CLANG_WARN_STRICT_PROTOTYPES = YES;
				CLANG_WARN_SUSPICIOUS_MOVE = YES;
				CLANG_WARN_UNGUARDED_AVAILABILITY = YES_AGGRESSIVE;
				CLANG_WARN_UNREACHABLE_CODE = YES;
				CLANG_WARN__DUPLICATE_METHOD_MATCH = YES;
				COPY_PHASE_STRIP = NO;
				DEBUG_INFORMATION_FORMAT = dwarf;
				ENABLE_STRICT_OBJC_MSGSEND = YES;
				ENABLE_TESTABILITY = YES;
				GCC_C_LANGUAGE_STANDARD = gnu11;
				GCC_DYNAMIC_NO_PIC = NO;
				GCC_NO_COMMON_BLOCKS = YES;
				GCC_OPTIMIZATION_LEVEL = 0;
				GCC_PREPROCESSOR_DEFINITIONS = (
					"DEBUG=1",
					"$(inherited)",
				);
				GCC_WARN_64_TO_32_BIT_CONVERSION = YES;
				GCC_WARN_ABOUT_RETURN_TYPE = YES_ERROR;
				GCC_WARN_UNDECLARED_SELECTOR = YES;
				GCC_WARN_UNINITIALIZED_AUTOS = YES_AGGRESSIVE;
				GCC_WARN_UNUSED_FUNCTION = YES;
				GCC_WARN_UNUSED_VARIABLE = YES;
				IPHONEOS_DEPLOYMENT_TARGET = 15.3;
				MTL_ENABLE_DEBUG_INFO = INCLUDE_SOURCE;
				MTL_FAST_MATH = YES;
				ONLY_ACTIVE_ARCH = YES;
				SDKROOT = iphoneos;
				SWIFT_ACTIVE_COMPILATION_CONDITIONS = DEBUG;
				SWIFT_OPTIMIZATION_LEVEL = "-Onone";
			};
			name = Debug;
		};
		21FF847A2A1C829C00F9B2F1 /* Release */ = {
			isa = XCBuildConfiguration;
			buildSettings = {
				ALWAYS_SEARCH_USER_PATHS = NO;
				CLANG_ANALYZER_NONNULL = YES;
				CLANG_ANALYZER_NUMBER_OBJECT_CONVERSION = YES_AGGRESSIVE;
				CLANG_CXX_LANGUAGE_STANDARD = "gnu++20";
				CLANG_ENABLE_MODULES = YES;
				CLANG_ENABLE_OBJC_ARC = YES;
				CLANG_ENABLE_OBJC_WEAK = YES;
				CLANG_WARN_BLOCK_CAPTURE_AUTORELEASING = YES;
				CLANG_WARN_BOOL_CONVERSION = YES;
				CLANG_WARN_COMMA = YES;
				CLANG_WARN_CONSTANT_CONVERSION = YES;
				CLANG_WARN_DEPRECATED_OBJC_IMPLEMENTATIONS = YES;
				CLANG_WARN_DIRECT_OBJC_ISA_USAGE = YES_ERROR;
				CLANG_WARN_DOCUMENTATION_COMMENTS = YES;
				CLANG_WARN_EMPTY_BODY = YES;
				CLANG_WARN_ENUM_CONVERSION = YES;
				CLANG_WARN_INFINITE_RECURSION = YES;
				CLANG_WARN_INT_CONVERSION = YES;
				CLANG_WARN_NON_LITERAL_NULL_CONVERSION = YES;
				CLANG_WARN_OBJC_IMPLICIT_RETAIN_SELF = YES;
				CLANG_WARN_OBJC_LITERAL_CONVERSION = YES;
				CLANG_WARN_OBJC_ROOT_CLASS = YES_ERROR;
				CLANG_WARN_QUOTED_INCLUDE_IN_FRAMEWORK_HEADER = YES;
				CLANG_WARN_RANGE_LOOP_ANALYSIS = YES;
				CLANG_WARN_STRICT_PROTOTYPES = YES;
				CLANG_WARN_SUSPICIOUS_MOVE = YES;
				CLANG_WARN_UNGUARDED_AVAILABILITY = YES_AGGRESSIVE;
				CLANG_WARN_UNREACHABLE_CODE = YES;
				CLANG_WARN__DUPLICATE_METHOD_MATCH = YES;
				COPY_PHASE_STRIP = NO;
				DEBUG_INFORMATION_FORMAT = "dwarf-with-dsym";
				ENABLE_NS_ASSERTIONS = NO;
				ENABLE_STRICT_OBJC_MSGSEND = YES;
				GCC_C_LANGUAGE_STANDARD = gnu11;
				GCC_NO_COMMON_BLOCKS = YES;
				GCC_WARN_64_TO_32_BIT_CONVERSION = YES;
				GCC_WARN_ABOUT_RETURN_TYPE = YES_ERROR;
				GCC_WARN_UNDECLARED_SELECTOR = YES;
				GCC_WARN_UNINITIALIZED_AUTOS = YES_AGGRESSIVE;
				GCC_WARN_UNUSED_FUNCTION = YES;
				GCC_WARN_UNUSED_VARIABLE = YES;
				IPHONEOS_DEPLOYMENT_TARGET = 15.3;
				MTL_ENABLE_DEBUG_INFO = NO;
				MTL_FAST_MATH = YES;
				SDKROOT = iphoneos;
				SWIFT_COMPILATION_MODE = wholemodule;
				SWIFT_OPTIMIZATION_LEVEL = "-O";
				VALIDATE_PRODUCT = YES;
			};
			name = Release;
		};
		21FF847C2A1C829C00F9B2F1 /* Debug */ = {
			isa = XCBuildConfiguration;
			buildSettings = {
				ASSETCATALOG_COMPILER_APPICON_NAME = AppIcon;
				ASSETCATALOG_COMPILER_GLOBAL_ACCENT_COLOR_NAME = AccentColor;
				CODE_SIGN_STYLE = Automatic;
				CURRENT_PROJECT_VERSION = 1;
				GENERATE_INFOPLIST_FILE = YES;
				INFOPLIST_FILE = travel2/Info.plist;
				INFOPLIST_KEY_UIApplicationSupportsIndirectInputEvents = YES;
				INFOPLIST_KEY_UILaunchStoryboardName = LaunchScreen;
				INFOPLIST_KEY_UIMainStoryboardFile = Main;
				INFOPLIST_KEY_UISupportedInterfaceOrientations_iPad = "UIInterfaceOrientationPortrait UIInterfaceOrientationPortraitUpsideDown UIInterfaceOrientationLandscapeLeft UIInterfaceOrientationLandscapeRight";
				INFOPLIST_KEY_UISupportedInterfaceOrientations_iPhone = "UIInterfaceOrientationPortrait UIInterfaceOrientationLandscapeLeft UIInterfaceOrientationLandscapeRight";
				IPHONEOS_DEPLOYMENT_TARGET = 15.5;
				LD_RUNPATH_SEARCH_PATHS = (
					"$(inherited)",
					"@executable_path/Frameworks",
				);
				MARKETING_VERSION = 1.0;
				PRODUCT_BUNDLE_IDENTIFIER = sofyMar16.travel2;
				PRODUCT_NAME = "$(TARGET_NAME)";
				SWIFT_EMIT_LOC_STRINGS = YES;
				SWIFT_VERSION = 5.0;
				TARGETED_DEVICE_FAMILY = "1,2";
			};
			name = Debug;
		};
		21FF847D2A1C829C00F9B2F1 /* Release */ = {
			isa = XCBuildConfiguration;
			buildSettings = {
				ASSETCATALOG_COMPILER_APPICON_NAME = AppIcon;
				ASSETCATALOG_COMPILER_GLOBAL_ACCENT_COLOR_NAME = AccentColor;
				CODE_SIGN_STYLE = Automatic;
				CURRENT_PROJECT_VERSION = 1;
				GENERATE_INFOPLIST_FILE = YES;
				INFOPLIST_FILE = travel2/Info.plist;
				INFOPLIST_KEY_UIApplicationSupportsIndirectInputEvents = YES;
				INFOPLIST_KEY_UILaunchStoryboardName = LaunchScreen;
				INFOPLIST_KEY_UIMainStoryboardFile = Main;
				INFOPLIST_KEY_UISupportedInterfaceOrientations_iPad = "UIInterfaceOrientationPortrait UIInterfaceOrientationPortraitUpsideDown UIInterfaceOrientationLandscapeLeft UIInterfaceOrientationLandscapeRight";
				INFOPLIST_KEY_UISupportedInterfaceOrientations_iPhone = "UIInterfaceOrientationPortrait UIInterfaceOrientationLandscapeLeft UIInterfaceOrientationLandscapeRight";
				IPHONEOS_DEPLOYMENT_TARGET = 15.5;
				LD_RUNPATH_SEARCH_PATHS = (
					"$(inherited)",
					"@executable_path/Frameworks",
				);
				MARKETING_VERSION = 1.0;
				PRODUCT_BUNDLE_IDENTIFIER = sofyMar16.travel2;
				PRODUCT_NAME = "$(TARGET_NAME)";
				SWIFT_EMIT_LOC_STRINGS = YES;
				SWIFT_VERSION = 5.0;
				TARGETED_DEVICE_FAMILY = "1,2";
			};
			name = Release;
		};
/* End XCBuildConfiguration section */

/* Begin XCConfigurationList section */
		21FF84622A1C829B00F9B2F1 /* Build configuration list for PBXProject "travel2" */ = {
			isa = XCConfigurationList;
			buildConfigurations = (
				21FF84792A1C829C00F9B2F1 /* Debug */,
				21FF847A2A1C829C00F9B2F1 /* Release */,
			);
			defaultConfigurationIsVisible = 0;
			defaultConfigurationName = Release;
		};
		21FF847B2A1C829C00F9B2F1 /* Build configuration list for PBXNativeTarget "travel2" */ = {
			isa = XCConfigurationList;
			buildConfigurations = (
				21FF847C2A1C829C00F9B2F1 /* Debug */,
				21FF847D2A1C829C00F9B2F1 /* Release */,
			);
			defaultConfigurationIsVisible = 0;
			defaultConfigurationName = Release;
		};
/* End XCConfigurationList section */
	};
	rootObject = 21FF845F2A1C829B00F9B2F1 /* Project object */;
}
